
Microsoft Visual Studio Solution File, Format Version 12.00
# Visual Studio Version 17
VisualStudioVersion = 17.10.35122.118
MinimumVisualStudioVersion = 10.0.40219.1
Project("{FAE04EC0-301F-11D3-BF4B-00C04F79EFBC}") = "ProjectPierre", "ProjectPierre\ProjectPierre.csproj", "{42AEB289-4F18-4629-9BE6-65FD4339D7D2}"
EndProject
Global
	GlobalSection(SolutionConfigurationPlatforms) = preSolution
		Debug|Any CPU = Debug|Any CPU
		Release|Any CPU = Release|Any CPU
	EndGlobalSection
	GlobalSection(ProjectConfigurationPlatforms) = postSolution
		{42AEB289-4F18-4629-9BE6-65FD4339D7D2}.Debug|Any CPU.ActiveCfg = Debug|Any CPU
		{42AEB289-4F18-4629-9BE6-65FD4339D7D2}.Debug|Any CPU.Build.0 = Debug|Any CPU
		{42AEB289-4F18-4629-9BE6-65FD4339D7D2}.Release|Any CPU.ActiveCfg = Release|Any CPU
		{42AEB289-4F18-4629-9BE6-65FD4339D7D2}.Release|Any CPU.Build.0 = Release|Any CPU
	EndGlobalSection
	GlobalSection(SolutionProperties) = preSolution
		HideSolutionNode = FALSE
	EndGlobalSection
	GlobalSection(ExtensibilityGlobals) = postSolution
		SolutionGuid = {CF04CD4F-630E-48C8-96B3-F5418DF55BC1}
	EndGlobalSection
EndGlobal
